
Microsoft Visual Studio Solution File, Format Version 12.00
# Visual Studio Version 16
VisualStudioVersion = 16.0.31702.278
MinimumVisualStudioVersion = 10.0.40219.1
Project("{FAE04EC0-301F-11D3-BF4B-00C04F79EFBC}") = "Test_Server_C_Sharp", "Test_Server_C_Sharp.csproj", "{EB6EE445-3F49-4102-ADB7-2B502F736EFE}"
EndProject
Global
	GlobalSection(SolutionConfigurationPlatforms) = preSolution
		Debug|Any CPU = Debug|Any CPU
		Release|Any CPU = Release|Any CPU
	EndGlobalSection
	GlobalSection(ProjectConfigurationPlatforms) = postSolution
		{EB6EE445-3F49-4102-ADB7-2B502F736EFE}.Debug|Any CPU.ActiveCfg = Debug|Any CPU
		{EB6EE445-3F49-4102-ADB7-2B502F736EFE}.Debug|Any CPU.Build.0 = Debug|Any CPU
		{EB6EE445-3F49-4102-ADB7-2B502F736EFE}.Release|Any CPU.ActiveCfg = Release|Any CPU
		{EB6EE445-3F49-4102-ADB7-2B502F736EFE}.Release|Any CPU.Build.0 = Release|Any CPU
	EndGlobalSection
	GlobalSection(SolutionProperties) = preSolution
		HideSolutionNode = FALSE
	EndGlobalSection
	GlobalSection(ExtensibilityGlobals) = postSolution
		SolutionGuid = {7A631593-39F4-483B-BF8C-DF634CAB15FD}
	EndGlobalSection
EndGlobal
